
Microsoft Visual Studio Solution File, Format Version 12.00
# Visual Studio Version 17
VisualStudioVersion = 17.4.33205.214
MinimumVisualStudioVersion = 10.0.40219.1
Project("{FAE04EC0-301F-11D3-BF4B-00C04F79EFBC}") = "OOP", "OOP\OOP.csproj", "{D21B10F1-E302-48E7-A190-E05E7597E488}"
EndProject
Global
	GlobalSection(SolutionConfigurationPlatforms) = preSolution
		Debug|Any CPU = Debug|Any CPU
		Release|Any CPU = Release|Any CPU
	EndGlobalSection
	GlobalSection(ProjectConfigurationPlatforms) = postSolution
		{D21B10F1-E302-48E7-A190-E05E7597E488}.Debug|Any CPU.ActiveCfg = Debug|Any CPU
		{D21B10F1-E302-48E7-A190-E05E7597E488}.Debug|Any CPU.Build.0 = Debug|Any CPU
		{D21B10F1-E302-48E7-A190-E05E7597E488}.Release|Any CPU.ActiveCfg = Release|Any CPU
		{D21B10F1-E302-48E7-A190-E05E7597E488}.Release|Any CPU.Build.0 = Release|Any CPU
	EndGlobalSection
	GlobalSection(SolutionProperties) = preSolution
		HideSolutionNode = FALSE
	EndGlobalSection
	GlobalSection(ExtensibilityGlobals) = postSolution
		SolutionGuid = {B647970F-6F9E-4C36-8E22-E713B2303494}
	EndGlobalSection
EndGlobal
